
Microsoft Visual Studio Solution File, Format Version 12.00
# Visual Studio Version 17
VisualStudioVersion = 17.11.35327.3
MinimumVisualStudioVersion = 10.0.40219.1
Project("{9A19103F-16F7-4668-BE54-9A1E7A4F7556}") = "Advent24", "Advent24.csproj", "{F5B5D774-9FE0-4B50-B6AF-4ACB4D71AE0B}"
EndProject
Project("{9A19103F-16F7-4668-BE54-9A1E7A4F7556}") = "AdventOfCodeLibrary", "AdventOfCodeLibrary\AdventOfCodeLibrary.csproj", "{11B69E6F-1151-4341-B864-5DC99D4D2B47}"
EndProject
Global
	GlobalSection(SolutionConfigurationPlatforms) = preSolution
		Debug|Any CPU = Debug|Any CPU
		Release|Any CPU = Release|Any CPU
	EndGlobalSection
	GlobalSection(ProjectConfigurationPlatforms) = postSolution
		{F5B5D774-9FE0-4B50-B6AF-4ACB4D71AE0B}.Debug|Any CPU.ActiveCfg = Debug|Any CPU
		{F5B5D774-9FE0-4B50-B6AF-4ACB4D71AE0B}.Debug|Any CPU.Build.0 = Debug|Any CPU
		{F5B5D774-9FE0-4B50-B6AF-4ACB4D71AE0B}.Release|Any CPU.ActiveCfg = Release|Any CPU
		{F5B5D774-9FE0-4B50-B6AF-4ACB4D71AE0B}.Release|Any CPU.Build.0 = Release|Any CPU
		{11B69E6F-1151-4341-B864-5DC99D4D2B47}.Debug|Any CPU.ActiveCfg = Debug|Any CPU
		{11B69E6F-1151-4341-B864-5DC99D4D2B47}.Debug|Any CPU.Build.0 = Debug|Any CPU
		{11B69E6F-1151-4341-B864-5DC99D4D2B47}.Release|Any CPU.ActiveCfg = Release|Any CPU
		{11B69E6F-1151-4341-B864-5DC99D4D2B47}.Release|Any CPU.Build.0 = Release|Any CPU
	EndGlobalSection
	GlobalSection(SolutionProperties) = preSolution
		HideSolutionNode = FALSE
	EndGlobalSection
	GlobalSection(ExtensibilityGlobals) = postSolution
		SolutionGuid = {536ED91B-3190-40C8-B466-A79B4C36CBCA}
	EndGlobalSection
EndGlobal
